
Microsoft Visual Studio Solution File, Format Version 12.00
# Visual Studio Version 17
VisualStudioVersion = 17.5.002.0
MinimumVisualStudioVersion = 10.0.40219.1
Project("{9A19103F-16F7-4668-BE54-9A1E7A4F7556}") = "Fences.Tests", "Fences.Tests.csproj", "{912C97F6-4125-4F57-B744-FB574F5C1E17}"
EndProject
Global
	GlobalSection(SolutionConfigurationPlatforms) = preSolution
		Debug|Any CPU = Debug|Any CPU
		Release|Any CPU = Release|Any CPU
	EndGlobalSection
	GlobalSection(ProjectConfigurationPlatforms) = postSolution
		{912C97F6-4125-4F57-B744-FB574F5C1E17}.Debug|Any CPU.ActiveCfg = Debug|Any CPU
		{912C97F6-4125-4F57-B744-FB574F5C1E17}.Debug|Any CPU.Build.0 = Debug|Any CPU
		{912C97F6-4125-4F57-B744-FB574F5C1E17}.Release|Any CPU.ActiveCfg = Release|Any CPU
		{912C97F6-4125-4F57-B744-FB574F5C1E17}.Release|Any CPU.Build.0 = Release|Any CPU
	EndGlobalSection
	GlobalSection(SolutionProperties) = preSolution
		HideSolutionNode = FALSE
	EndGlobalSection
	GlobalSection(ExtensibilityGlobals) = postSolution
		SolutionGuid = {02E65B1E-AE1D-4DBC-BD55-8D49FF98429D}
	EndGlobalSection
EndGlobal
